
Microsoft Visual Studio Solution File, Format Version 12.00
# Visual Studio 15
VisualStudioVersion = 15.0.27130.2036
MinimumVisualStudioVersion = 10.0.40219.1
Project("{FAE04EC0-301F-11D3-BF4B-00C04F79EFBC}") = "SearchBarExemplo.Android", "SearchBarExemplo\SearchBarExemplo.Android\SearchBarExemplo.Android.csproj", "{AB7522FE-9B26-49D5-BC84-9BD0C7A472FC}"
EndProject
Project("{FAE04EC0-301F-11D3-BF4B-00C04F79EFBC}") = "SearchBarExemplo.iOS", "SearchBarExemplo\SearchBarExemplo.iOS\SearchBarExemplo.iOS.csproj", "{6508231E-304D-4852-9080-C65AD6D8768C}"
EndProject
Project("{FAE04EC0-301F-11D3-BF4B-00C04F79EFBC}") = "SearchBarExemplo.UWP", "SearchBarExemplo\SearchBarExemplo.UWP\SearchBarExemplo.UWP.csproj", "{73E36C6F-F86C-4EDA-89C2-05A4C578CD9D}"
EndProject
Project("{FAE04EC0-301F-11D3-BF4B-00C04F79EFBC}") = "SearchBarExemplo", "SearchBarExemplo\SearchBarExemplo\SearchBarExemplo.csproj", "{504E441A-BEE4-47C7-8862-05149CEF4ECA}"
EndProject
Global
	GlobalSection(SolutionConfigurationPlatforms) = preSolution
		Ad-Hoc|Any CPU = Ad-Hoc|Any CPU
		Ad-Hoc|ARM = Ad-Hoc|ARM
		Ad-Hoc|iPhone = Ad-Hoc|iPhone
		Ad-Hoc|iPhoneSimulator = Ad-Hoc|iPhoneSimulator
		Ad-Hoc|x64 = Ad-Hoc|x64
		Ad-Hoc|x86 = Ad-Hoc|x86
		AppStore|Any CPU = AppStore|Any CPU
		AppStore|ARM = AppStore|ARM
		AppStore|iPhone = AppStore|iPhone
		AppStore|iPhoneSimulator = AppStore|iPhoneSimulator
		AppStore|x64 = AppStore|x64
		AppStore|x86 = AppStore|x86
		Debug|Any CPU = Debug|Any CPU
		Debug|ARM = Debug|ARM
		Debug|iPhone = Debug|iPhone
		Debug|iPhoneSimulator = Debug|iPhoneSimulator
		Debug|x64 = Debug|x64
		Debug|x86 = Debug|x86
		Release|Any CPU = Release|Any CPU
		Release|ARM = Release|ARM
		Release|iPhone = Release|iPhone
		Release|iPhoneSimulator = Release|iPhoneSimulator
		Release|x64 = Release|x64
		Release|x86 = Release|x86
	EndGlobalSection
	GlobalSection(ProjectConfigurationPlatforms) = postSolution
		{AB7522FE-9B26-49D5-BC84-9BD0C7A472FC}.Ad-Hoc|Any CPU.ActiveCfg = Release|Any CPU
		{AB7522FE-9B26-49D5-BC84-9BD0C7A472FC}.Ad-Hoc|Any CPU.Build.0 = Release|Any CPU
		{AB7522FE-9B26-49D5-BC84-9BD0C7A472FC}.Ad-Hoc|Any CPU.Deploy.0 = Release|Any CPU
		{AB7522FE-9B26-49D5-BC84-9BD0C7A472FC}.Ad-Hoc|ARM.ActiveCfg = Release|Any CPU
		{AB7522FE-9B26-49D5-BC84-9BD0C7A472FC}.Ad-Hoc|ARM.Build.0 = Release|Any CPU
		{AB7522FE-9B26-49D5-BC84-9BD0C7A472FC}.Ad-Hoc|ARM.Deploy.0 = Release|Any CPU
		{AB7522FE-9B26-49D5-BC84-9BD0C7A472FC}.Ad-Hoc|iPhone.ActiveCfg = Release|Any CPU
		{AB7522FE-9B26-49D5-BC84-9BD0C7A472FC}.Ad-Hoc|iPhone.Build.0 = Release|Any CPU
		{AB7522FE-9B26-49D5-BC84-9BD0C7A472FC}.Ad-Hoc|iPhone.Deploy.0 = Release|Any CPU
		{AB7522FE-9B26-49D5-BC84-9BD0C7A472FC}.Ad-Hoc|iPhoneSimulator.ActiveCfg = Release|Any CPU
		{AB7522FE-9B26-49D5-BC84-9BD0C7A472FC}.Ad-Hoc|iPhoneSimulator.Build.0 = Release|Any CPU
		{AB7522FE-9B26-49D5-BC84-9BD0C7A472FC}.Ad-Hoc|iPhoneSimulator.Deploy.0 = Release|Any CPU
		{AB7522FE-9B26-49D5-BC84-9BD0C7A472FC}.Ad-Hoc|x64.ActiveCfg = Release|Any CPU
		{AB7522FE-9B26-49D5-BC84-9BD0C7A472FC}.Ad-Hoc|x64.Build.0 = Release|Any CPU
		{AB7522FE-9B26-49D5-BC84-9BD0C7A472FC}.Ad-Hoc|x64.Deploy.0 = Release|Any CPU
		{AB7522FE-9B26-49D5-BC84-9BD0C7A472FC}.Ad-Hoc|x86.ActiveCfg = Release|Any CPU
		{AB7522FE-9B26-49D5-BC84-9BD0C7A472FC}.Ad-Hoc|x86.Build.0 = Release|Any CPU
		{AB7522FE-9B26-49D5-BC84-9BD0C7A472FC}.Ad-Hoc|x86.Deploy.0 = Release|Any CPU
		{AB7522FE-9B26-49D5-BC84-9BD0C7A472FC}.AppStore|Any CPU.ActiveCfg = Release|Any CPU
		{AB7522FE-9B26-49D5-BC84-9BD0C7A472FC}.AppStore|Any CPU.Build.0 = Release|Any CPU
		{AB7522FE-9B26-49D5-BC84-9BD0C7A472FC}.AppStore|Any CPU.Deploy.0 = Release|Any CPU
		{AB7522FE-9B26-49D5-BC84-9BD0C7A472FC}.AppStore|ARM.ActiveCfg = Release|Any CPU
		{AB7522FE-9B26-49D5-BC84-9BD0C7A472FC}.AppStore|ARM.Build.0 = Release|Any CPU
		{AB7522FE-9B26-49D5-BC84-9BD0C7A472FC}.AppStore|ARM.Deploy.0 = Release|Any CPU
		{AB7522FE-9B26-49D5-BC84-9BD0C7A472FC}.AppStore|iPhone.ActiveCfg = Release|Any CPU
		{AB7522FE-9B26-49D5-BC84-9BD0C7A472FC}.AppStore|iPhone.Build.0 = Release|Any CPU
		{AB7522FE-9B26-49D5-BC84-9BD0C7A472FC}.AppStore|iPhone.Deploy.0 = Release|Any CPU
		{AB7522FE-9B26-49D5-BC84-9BD0C7A472FC}.AppStore|iPhoneSimulator.ActiveCfg = Release|Any CPU
		{AB7522FE-9B26-49D5-BC84-9BD0C7A472FC}.AppStore|iPhoneSimulator.Build.0 = Release|Any CPU
		{AB7522FE-9B26-49D5-BC84-9BD0C7A472FC}.AppStore|iPhoneSimulator.Deploy.0 = Release|Any CPU
		{AB7522FE-9B26-49D5-BC84-9BD0C7A472FC}.AppStore|x64.ActiveCfg = Release|Any CPU
		{AB7522FE-9B26-49D5-BC84-9BD0C7A472FC}.AppStore|x64.Build.0 = Release|Any CPU
		{AB7522FE-9B26-49D5-BC84-9BD0C7A472FC}.AppStore|x64.Deploy.0 = Release|Any CPU
		{AB7522FE-9B26-49D5-BC84-9BD0C7A472FC}.AppStore|x86.ActiveCfg = Release|Any CPU
		{AB7522FE-9B26-49D5-BC84-9BD0C7A472FC}.AppStore|x86.Build.0 = Release|Any CPU
		{AB7522FE-9B26-49D5-BC84-9BD0C7A472FC}.AppStore|x86.Deploy.0 = Release|Any CPU
		{AB7522FE-9B26-49D5-BC84-9BD0C7A472FC}.Debug|Any CPU.ActiveCfg = Debug|Any CPU
		{AB7522FE-9B26-49D5-BC84-9BD0C7A472FC}.Debug|Any CPU.Build.0 = Debug|Any CPU
		{AB7522FE-9B26-49D5-BC84-9BD0C7A472FC}.Debug|Any CPU.Deploy.0 = Debug|Any CPU
		{AB7522FE-9B26-49D5-BC84-9BD0C7A472FC}.Debug|ARM.ActiveCfg = Debug|Any CPU
		{AB7522FE-9B26-49D5-BC84-9BD0C7A472FC}.Debug|ARM.Build.0 = Debug|Any CPU
		{AB7522FE-9B26-49D5-BC84-9BD0C7A472FC}.Debug|ARM.Deploy.0 = Debug|Any CPU
		{AB7522FE-9B26-49D5-BC84-9BD0C7A472FC}.Debug|iPhone.ActiveCfg = Debug|Any CPU
		{AB7522FE-9B26-49D5-BC84-9BD0C7A472FC}.Debug|iPhone.Build.0 = Debug|Any CPU
		{AB7522FE-9B26-49D5-BC84-9BD0C7A472FC}.Debug|iPhone.Deploy.0 = Debug|Any CPU
		{AB7522FE-9B26-49D5-BC84-9BD0C7A472FC}.Debug|iPhoneSimulator.ActiveCfg = Debug|Any CPU
		{AB7522FE-9B26-49D5-BC84-9BD0C7A472FC}.Debug|iPhoneSimulator.Build.0 = Debug|Any CPU
		{AB7522FE-9B26-49D5-BC84-9BD0C7A472FC}.Debug|iPhoneSimulator.Deploy.0 = Debug|Any CPU
		{AB7522FE-9B26-49D5-BC84-9BD0C7A472FC}.Debug|x64.ActiveCfg = Debug|Any CPU
		{AB7522FE-9B26-49D5-BC84-9BD0C7A472FC}.Debug|x64.Build.0 = Debug|Any CPU
		{AB7522FE-9B26-49D5-BC84-9BD0C7A472FC}.Debug|x64.Deploy.0 = Debug|Any CPU
		{AB7522FE-9B26-49D5-BC84-9BD0C7A472FC}.Debug|x86.ActiveCfg = Debug|Any CPU
		{AB7522FE-9B26-49D5-BC84-9BD0C7A472FC}.Debug|x86.Build.0 = Debug|Any CPU
		{AB7522FE-9B26-49D5-BC84-9BD0C7A472FC}.Debug|x86.Deploy.0 = Debug|Any CPU
		{AB7522FE-9B26-49D5-BC84-9BD0C7A472FC}.Release|Any CPU.ActiveCfg = Release|Any CPU
		{AB7522FE-9B26-49D5-BC84-9BD0C7A472FC}.Release|Any CPU.Build.0 = Release|Any CPU
		{AB7522FE-9B26-49D5-BC84-9BD0C7A472FC}.Release|Any CPU.Deploy.0 = Release|Any CPU
		{AB7522FE-9B26-49D5-BC84-9BD0C7A472FC}.Release|ARM.ActiveCfg = Release|Any CPU
		{AB7522FE-9B26-49D5-BC84-9BD0C7A472FC}.Release|ARM.Build.0 = Release|Any CPU
		{AB7522FE-9B26-49D5-BC84-9BD0C7A472FC}.Release|ARM.Deploy.0 = Release|Any CPU
		{AB7522FE-9B26-49D5-BC84-9BD0C7A472FC}.Release|iPhone.ActiveCfg = Release|Any CPU
		{AB7522FE-9B26-49D5-BC84-9BD0C7A472FC}.Release|iPhone.Build.0 = Release|Any CPU
		{AB7522FE-9B26-49D5-BC84-9BD0C7A472FC}.Release|iPhone.Deploy.0 = Release|Any CPU
		{AB7522FE-9B26-49D5-BC84-9BD0C7A472FC}.Release|iPhoneSimulator.ActiveCfg = Release|Any CPU
		{AB7522FE-9B26-49D5-BC84-9BD0C7A472FC}.Release|iPhoneSimulator.Build.0 = Release|Any CPU
		{AB7522FE-9B26-49D5-BC84-9BD0C7A472FC}.Release|iPhoneSimulator.Deploy.0 = Release|Any CPU
		{AB7522FE-9B26-49D5-BC84-9BD0C7A472FC}.Release|x64.ActiveCfg = Release|Any CPU
		{AB7522FE-9B26-49D5-BC84-9BD0C7A472FC}.Release|x64.Build.0 = Release|Any CPU
		{AB7522FE-9B26-49D5-BC84-9BD0C7A472FC}.Release|x64.Deploy.0 = Release|Any CPU
		{AB7522FE-9B26-49D5-BC84-9BD0C7A472FC}.Release|x86.ActiveCfg = Release|Any CPU
		{AB7522FE-9B26-49D5-BC84-9BD0C7A472FC}.Release|x86.Build.0 = Release|Any CPU
		{AB7522FE-9B26-49D5-BC84-9BD0C7A472FC}.Release|x86.Deploy.0 = Release|Any CPU
		{6508231E-304D-4852-9080-C65AD6D8768C}.Ad-Hoc|Any CPU.ActiveCfg = Ad-Hoc|iPhone
		{6508231E-304D-4852-9080-C65AD6D8768C}.Ad-Hoc|ARM.ActiveCfg = Ad-Hoc|iPhone
		{6508231E-304D-4852-9080-C65AD6D8768C}.Ad-Hoc|iPhone.ActiveCfg = Ad-Hoc|iPhone
		{6508231E-304D-4852-9080-C65AD6D8768C}.Ad-Hoc|iPhone.Build.0 = Ad-Hoc|iPhone
		{6508231E-304D-4852-9080-C65AD6D8768C}.Ad-Hoc|iPhoneSimulator.ActiveCfg = Ad-Hoc|iPhoneSimulator
		{6508231E-304D-4852-9080-C65AD6D8768C}.Ad-Hoc|iPhoneSimulator.Build.0 = Ad-Hoc|iPhoneSimulator
		{6508231E-304D-4852-9080-C65AD6D8768C}.Ad-Hoc|x64.ActiveCfg = Ad-Hoc|iPhone
		{6508231E-304D-4852-9080-C65AD6D8768C}.Ad-Hoc|x86.ActiveCfg = Ad-Hoc|iPhone
		{6508231E-304D-4852-9080-C65AD6D8768C}.AppStore|Any CPU.ActiveCfg = AppStore|iPhone
		{6508231E-304D-4852-9080-C65AD6D8768C}.AppStore|ARM.ActiveCfg = AppStore|iPhone
		{6508231E-304D-4852-9080-C65AD6D8768C}.AppStore|iPhone.ActiveCfg = AppStore|iPhone
		{6508231E-304D-4852-9080-C65AD6D8768C}.AppStore|iPhone.Build.0 = AppStore|iPhone
		{6508231E-304D-4852-9080-C65AD6D8768C}.AppStore|iPhoneSimulator.ActiveCfg = AppStore|iPhoneSimulator
		{6508231E-304D-4852-9080-C65AD6D8768C}.AppStore|iPhoneSimulator.Build.0 = AppStore|iPhoneSimulator
		{6508231E-304D-4852-9080-C65AD6D8768C}.AppStore|x64.ActiveCfg = AppStore|iPhone
		{6508231E-304D-4852-9080-C65AD6D8768C}.AppStore|x86.ActiveCfg = AppStore|iPhone
		{6508231E-304D-4852-9080-C65AD6D8768C}.Debug|Any CPU.ActiveCfg = Debug|iPhone
		{6508231E-304D-4852-9080-C65AD6D8768C}.Debug|ARM.ActiveCfg = Debug|iPhone
		{6508231E-304D-4852-9080-C65AD6D8768C}.Debug|iPhone.ActiveCfg = Debug|iPhone
		{6508231E-304D-4852-9080-C65AD6D8768C}.Debug|iPhone.Build.0 = Debug|iPhone
		{6508231E-304D-4852-9080-C65AD6D8768C}.Debug|iPhoneSimulator.ActiveCfg = Debug|iPhoneSimulator
		{6508231E-304D-4852-9080-C65AD6D8768C}.Debug|iPhoneSimulator.Build.0 = Debug|iPhoneSimulator
		{6508231E-304D-4852-9080-C65AD6D8768C}.Debug|x64.ActiveCfg = Debug|iPhone
		{6508231E-304D-4852-9080-C65AD6D8768C}.Debug|x86.ActiveCfg = Debug|iPhone
		{6508231E-304D-4852-9080-C65AD6D8768C}.Release|Any CPU.ActiveCfg = Release|iPhone
		{6508231E-304D-4852-9080-C65AD6D8768C}.Release|ARM.ActiveCfg = Release|iPhone
		{6508231E-304D-4852-9080-C65AD6D8768C}.Release|iPhone.ActiveCfg = Release|iPhone
		{6508231E-304D-4852-9080-C65AD6D8768C}.Release|iPhone.Build.0 = Release|iPhone
		{6508231E-304D-4852-9080-C65AD6D8768C}.Release|iPhoneSimulator.ActiveCfg = Release|iPhoneSimulator
		{6508231E-304D-4852-9080-C65AD6D8768C}.Release|iPhoneSimulator.Build.0 = Release|iPhoneSimulator
		{6508231E-304D-4852-9080-C65AD6D8768C}.Release|x64.ActiveCfg = Release|iPhone
		{6508231E-304D-4852-9080-C65AD6D8768C}.Release|x86.ActiveCfg = Release|iPhone
		{73E36C6F-F86C-4EDA-89C2-05A4C578CD9D}.Ad-Hoc|Any CPU.ActiveCfg = Release|x86
		{73E36C6F-F86C-4EDA-89C2-05A4C578CD9D}.Ad-Hoc|Any CPU.Build.0 = Release|x86
		{73E36C6F-F86C-4EDA-89C2-05A4C578CD9D}.Ad-Hoc|Any CPU.Deploy.0 = Release|x86
		{73E36C6F-F86C-4EDA-89C2-05A4C578CD9D}.Ad-Hoc|ARM.ActiveCfg = Release|ARM
		{73E36C6F-F86C-4EDA-89C2-05A4C578CD9D}.Ad-Hoc|ARM.Build.0 = Release|ARM
		{73E36C6F-F86C-4EDA-89C2-05A4C578CD9D}.Ad-Hoc|ARM.Deploy.0 = Release|ARM
		{73E36C6F-F86C-4EDA-89C2-05A4C578CD9D}.Ad-Hoc|iPhone.ActiveCfg = Release|x86
		{73E36C6F-F86C-4EDA-89C2-05A4C578CD9D}.Ad-Hoc|iPhone.Build.0 = Release|x86
		{73E36C6F-F86C-4EDA-89C2-05A4C578CD9D}.Ad-Hoc|iPhone.Deploy.0 = Release|x86
		{73E36C6F-F86C-4EDA-89C2-05A4C578CD9D}.Ad-Hoc|iPhoneSimulator.ActiveCfg = Release|x86
		{73E36C6F-F86C-4EDA-89C2-05A4C578CD9D}.Ad-Hoc|iPhoneSimulator.Build.0 = Release|x86
		{73E36C6F-F86C-4EDA-89C2-05A4C578CD9D}.Ad-Hoc|iPhoneSimulator.Deploy.0 = Release|x86
		{73E36C6F-F86C-4EDA-89C2-05A4C578CD9D}.Ad-Hoc|x64.ActiveCfg = Release|x64
		{73E36C6F-F86C-4EDA-89C2-05A4C578CD9D}.Ad-Hoc|x64.Build.0 = Release|x64
		{73E36C6F-F86C-4EDA-89C2-05A4C578CD9D}.Ad-Hoc|x64.Deploy.0 = Release|x64
		{73E36C6F-F86C-4EDA-89C2-05A4C578CD9D}.Ad-Hoc|x86.ActiveCfg = Release|x86
		{73E36C6F-F86C-4EDA-89C2-05A4C578CD9D}.Ad-Hoc|x86.Build.0 = Release|x86
		{73E36C6F-F86C-4EDA-89C2-05A4C578CD9D}.Ad-Hoc|x86.Deploy.0 = Release|x86
		{73E36C6F-F86C-4EDA-89C2-05A4C578CD9D}.AppStore|Any CPU.ActiveCfg = Release|x86
		{73E36C6F-F86C-4EDA-89C2-05A4C578CD9D}.AppStore|Any CPU.Build.0 = Release|x86
		{73E36C6F-F86C-4EDA-89C2-05A4C578CD9D}.AppStore|Any CPU.Deploy.0 = Release|x86
		{73E36C6F-F86C-4EDA-89C2-05A4C578CD9D}.AppStore|ARM.ActiveCfg = Release|ARM
		{73E36C6F-F86C-4EDA-89C2-05A4C578CD9D}.AppStore|ARM.Build.0 = Release|ARM
		{73E36C6F-F86C-4EDA-89C2-05A4C578CD9D}.AppStore|ARM.Deploy.0 = Release|ARM
		{73E36C6F-F86C-4EDA-89C2-05A4C578CD9D}.AppStore|iPhone.ActiveCfg = Release|x86
		{73E36C6F-F86C-4EDA-89C2-05A4C578CD9D}.AppStore|iPhone.Build.0 = Release|x86
		{73E36C6F-F86C-4EDA-89C2-05A4C578CD9D}.AppStore|iPhone.Deploy.0 = Release|x86
		{73E36C6F-F86C-4EDA-89C2-05A4C578CD9D}.AppStore|iPhoneSimulator.ActiveCfg = Release|x86
		{73E36C6F-F86C-4EDA-89C2-05A4C578CD9D}.AppStore|iPhoneSimulator.Build.0 = Release|x86
		{73E36C6F-F86C-4EDA-89C2-05A4C578CD9D}.AppStore|iPhoneSimulator.Deploy.0 = Release|x86
		{73E36C6F-F86C-4EDA-89C2-05A4C578CD9D}.AppStore|x64.ActiveCfg = Release|x64
		{73E36C6F-F86C-4EDA-89C2-05A4C578CD9D}.AppStore|x64.Build.0 = Release|x64
		{73E36C6F-F86C-4EDA-89C2-05A4C578CD9D}.AppStore|x64.Deploy.0 = Release|x64
		{73E36C6F-F86C-4EDA-89C2-05A4C578CD9D}.AppStore|x86.ActiveCfg = Release|x86
		{73E36C6F-F86C-4EDA-89C2-05A4C578CD9D}.AppStore|x86.Build.0 = Release|x86
		{73E36C6F-F86C-4EDA-89C2-05A4C578CD9D}.AppStore|x86.Deploy.0 = Release|x86
		{73E36C6F-F86C-4EDA-89C2-05A4C578CD9D}.Debug|Any CPU.ActiveCfg = Debug|x86
		{73E36C6F-F86C-4EDA-89C2-05A4C578CD9D}.Debug|ARM.ActiveCfg = Debug|ARM
		{73E36C6F-F86C-4EDA-89C2-05A4C578CD9D}.Debug|ARM.Build.0 = Debug|ARM
		{73E36C6F-F86C-4EDA-89C2-05A4C578CD9D}.Debug|ARM.Deploy.0 = Debug|ARM
		{73E36C6F-F86C-4EDA-89C2-05A4C578CD9D}.Debug|iPhone.ActiveCfg = Debug|x86
		{73E36C6F-F86C-4EDA-89C2-05A4C578CD9D}.Debug|iPhoneSimulator.ActiveCfg = Debug|x86
		{73E36C6F-F86C-4EDA-89C2-05A4C578CD9D}.Debug|x64.ActiveCfg = Debug|x64
		{73E36C6F-F86C-4EDA-89C2-05A4C578CD9D}.Debug|x64.Build.0 = Debug|x64
		{73E36C6F-F86C-4EDA-89C2-05A4C578CD9D}.Debug|x64.Deploy.0 = Debug|x64
		{73E36C6F-F86C-4EDA-89C2-05A4C578CD9D}.Debug|x86.ActiveCfg = Debug|x86
		{73E36C6F-F86C-4EDA-89C2-05A4C578CD9D}.Debug|x86.Build.0 = Debug|x86
		{73E36C6F-F86C-4EDA-89C2-05A4C578CD9D}.Debug|x86.Deploy.0 = Debug|x86
		{73E36C6F-F86C-4EDA-89C2-05A4C578CD9D}.Release|Any CPU.ActiveCfg = Release|x86
		{73E36C6F-F86C-4EDA-89C2-05A4C578CD9D}.Release|ARM.ActiveCfg = Release|ARM
		{73E36C6F-F86C-4EDA-89C2-05A4C578CD9D}.Release|ARM.Build.0 = Release|ARM
		{73E36C6F-F86C-4EDA-89C2-05A4C578CD9D}.Release|ARM.Deploy.0 = Release|ARM
		{73E36C6F-F86C-4EDA-89C2-05A4C578CD9D}.Release|iPhone.ActiveCfg = Release|x86
		{73E36C6F-F86C-4EDA-89C2-05A4C578CD9D}.Release|iPhoneSimulator.ActiveCfg = Release|x86
		{73E36C6F-F86C-4EDA-89C2-05A4C578CD9D}.Release|x64.ActiveCfg = Release|x64
		{73E36C6F-F86C-4EDA-89C2-05A4C578CD9D}.Release|x64.Build.0 = Release|x64
		{73E36C6F-F86C-4EDA-89C2-05A4C578CD9D}.Release|x64.Deploy.0 = Release|x64
		{73E36C6F-F86C-4EDA-89C2-05A4C578CD9D}.Release|x86.ActiveCfg = Release|x86
		{73E36C6F-F86C-4EDA-89C2-05A4C578CD9D}.Release|x86.Build.0 = Release|x86
		{73E36C6F-F86C-4EDA-89C2-05A4C578CD9D}.Release|x86.Deploy.0 = Release|x86
		{504E441A-BEE4-47C7-8862-05149CEF4ECA}.Ad-Hoc|Any CPU.ActiveCfg = Debug|Any CPU
		{504E441A-BEE4-47C7-8862-05149CEF4ECA}.Ad-Hoc|Any CPU.Build.0 = Debug|Any CPU
		{504E441A-BEE4-47C7-8862-05149CEF4ECA}.Ad-Hoc|ARM.ActiveCfg = Debug|Any CPU
		{504E441A-BEE4-47C7-8862-05149CEF4ECA}.Ad-Hoc|ARM.Build.0 = Debug|Any CPU
		{504E441A-BEE4-47C7-8862-05149CEF4ECA}.Ad-Hoc|iPhone.ActiveCfg = Debug|Any CPU
		{504E441A-BEE4-47C7-8862-05149CEF4ECA}.Ad-Hoc|iPhone.Build.0 = Debug|Any CPU
		{504E441A-BEE4-47C7-8862-05149CEF4ECA}.Ad-Hoc|iPhoneSimulator.ActiveCfg = Debug|Any CPU
		{504E441A-BEE4-47C7-8862-05149CEF4ECA}.Ad-Hoc|iPhoneSimulator.Build.0 = Debug|Any CPU
		{504E441A-BEE4-47C7-8862-05149CEF4ECA}.Ad-Hoc|x64.ActiveCfg = Debug|Any CPU
		{504E441A-BEE4-47C7-8862-05149CEF4ECA}.Ad-Hoc|x64.Build.0 = Debug|Any CPU
		{504E441A-BEE4-47C7-8862-05149CEF4ECA}.Ad-Hoc|x86.ActiveCfg = Debug|Any CPU
		{504E441A-BEE4-47C7-8862-05149CEF4ECA}.Ad-Hoc|x86.Build.0 = Debug|Any CPU
		{504E441A-BEE4-47C7-8862-05149CEF4ECA}.AppStore|Any CPU.ActiveCfg = Debug|Any CPU
		{504E441A-BEE4-47C7-8862-05149CEF4ECA}.AppStore|Any CPU.Build.0 = Debug|Any CPU
		{504E441A-BEE4-47C7-8862-05149CEF4ECA}.AppStore|ARM.ActiveCfg = Debug|Any CPU
		{504E441A-BEE4-47C7-8862-05149CEF4ECA}.AppStore|ARM.Build.0 = Debug|Any CPU
		{504E441A-BEE4-47C7-8862-05149CEF4ECA}.AppStore|iPhone.ActiveCfg = Debug|Any CPU
		{504E441A-BEE4-47C7-8862-05149CEF4ECA}.AppStore|iPhone.Build.0 = Debug|Any CPU
		{504E441A-BEE4-47C7-8862-05149CEF4ECA}.AppStore|iPhoneSimulator.ActiveCfg = Debug|Any CPU
		{504E441A-BEE4-47C7-8862-05149CEF4ECA}.AppStore|iPhoneSimulator.Build.0 = Debug|Any CPU
		{504E441A-BEE4-47C7-8862-05149CEF4ECA}.AppStore|x64.ActiveCfg = Debug|Any CPU
		{504E441A-BEE4-47C7-8862-05149CEF4ECA}.AppStore|x64.Build.0 = Debug|Any CPU
		{504E441A-BEE4-47C7-8862-05149CEF4ECA}.AppStore|x86.ActiveCfg = Debug|Any CPU
		{504E441A-BEE4-47C7-8862-05149CEF4ECA}.AppStore|x86.Build.0 = Debug|Any CPU
		{504E441A-BEE4-47C7-8862-05149CEF4ECA}.Debug|Any CPU.ActiveCfg = Debug|Any CPU
		{504E441A-BEE4-47C7-8862-05149CEF4ECA}.Debug|Any CPU.Build.0 = Debug|Any CPU
		{504E441A-BEE4-47C7-8862-05149CEF4ECA}.Debug|ARM.ActiveCfg = Debug|Any CPU
		{504E441A-BEE4-47C7-8862-05149CEF4ECA}.Debug|ARM.Build.0 = Debug|Any CPU
		{504E441A-BEE4-47C7-8862-05149CEF4ECA}.Debug|iPhone.ActiveCfg = Debug|Any CPU
		{504E441A-BEE4-47C7-8862-05149CEF4ECA}.Debug|iPhone.Build.0 = Debug|Any CPU
		{504E441A-BEE4-47C7-8862-05149CEF4ECA}.Debug|iPhoneSimulator.ActiveCfg = Debug|Any CPU
		{504E441A-BEE4-47C7-8862-05149CEF4ECA}.Debug|iPhoneSimulator.Build.0 = Debug|Any CPU
		{504E441A-BEE4-47C7-8862-05149CEF4ECA}.Debug|x64.ActiveCfg = Debug|Any CPU
		{504E441A-BEE4-47C7-8862-05149CEF4ECA}.Debug|x64.Build.0 = Debug|Any CPU
		{504E441A-BEE4-47C7-8862-05149CEF4ECA}.Debug|x86.ActiveCfg = Debug|Any CPU
		{504E441A-BEE4-47C7-8862-05149CEF4ECA}.Debug|x86.Build.0 = Debug|Any CPU
		{504E441A-BEE4-47C7-8862-05149CEF4ECA}.Release|Any CPU.ActiveCfg = Release|Any CPU
		{504E441A-BEE4-47C7-8862-05149CEF4ECA}.Release|Any CPU.Build.0 = Release|Any CPU
		{504E441A-BEE4-47C7-8862-05149CEF4ECA}.Release|ARM.ActiveCfg = Release|Any CPU
		{504E441A-BEE4-47C7-8862-05149CEF4ECA}.Release|ARM.Build.0 = Release|Any CPU
		{504E441A-BEE4-47C7-8862-05149CEF4ECA}.Release|iPhone.ActiveCfg = Release|Any CPU
		{504E441A-BEE4-47C7-8862-05149CEF4ECA}.Release|iPhone.Build.0 = Release|Any CPU
		{504E441A-BEE4-47C7-8862-05149CEF4ECA}.Release|iPhoneSimulator.ActiveCfg = Release|Any CPU
		{504E441A-BEE4-47C7-8862-05149CEF4ECA}.Release|iPhoneSimulator.Build.0 = Release|Any CPU
		{504E441A-BEE4-47C7-8862-05149CEF4ECA}.Release|x64.ActiveCfg = Release|Any CPU
		{504E441A-BEE4-47C7-8862-05149CEF4ECA}.Release|x64.Build.0 = Release|Any CPU
		{504E441A-BEE4-47C7-8862-05149CEF4ECA}.Release|x86.ActiveCfg = Release|Any CPU
		{504E441A-BEE4-47C7-8862-05149CEF4ECA}.Release|x86.Build.0 = Release|Any CPU
	EndGlobalSection
	GlobalSection(SolutionProperties) = preSolution
		HideSolutionNode = FALSE
	EndGlobalSection
	GlobalSection(ExtensibilityGlobals) = postSolution
		SolutionGuid = {9476D3E0-CE16-4A58-8A7F-C6421A58664E}
	EndGlobalSection
EndGlobal
